
Microsoft Visual Studio Solution File, Format Version 12.00
# Visual Studio Version 17
VisualStudioVersion = 17.4.33213.308
MinimumVisualStudioVersion = 10.0.40219.1
Project("{FAE04EC0-301F-11D3-BF4B-00C04F79EFBC}") = "Chatclient", "ChatApp\Chatclient.csproj", "{B708EB9C-89C0-4899-A9B6-F717949D0965}"
EndProject
Project("{FAE04EC0-301F-11D3-BF4B-00C04F79EFBC}") = "ChatServer", "ChatServer\ChatServer.csproj", "{9B61528B-1A01-4586-A04B-EF7F9C7E020E}"
EndProject
Global
	GlobalSection(SolutionConfigurationPlatforms) = preSolution
		Debug|Any CPU = Debug|Any CPU
		Release|Any CPU = Release|Any CPU
	EndGlobalSection
	GlobalSection(ProjectConfigurationPlatforms) = postSolution
		{B708EB9C-89C0-4899-A9B6-F717949D0965}.Debug|Any CPU.ActiveCfg = Debug|Any CPU
		{B708EB9C-89C0-4899-A9B6-F717949D0965}.Debug|Any CPU.Build.0 = Debug|Any CPU
		{B708EB9C-89C0-4899-A9B6-F717949D0965}.Release|Any CPU.ActiveCfg = Release|Any CPU
		{B708EB9C-89C0-4899-A9B6-F717949D0965}.Release|Any CPU.Build.0 = Release|Any CPU
		{9B61528B-1A01-4586-A04B-EF7F9C7E020E}.Debug|Any CPU.ActiveCfg = Debug|Any CPU
		{9B61528B-1A01-4586-A04B-EF7F9C7E020E}.Debug|Any CPU.Build.0 = Debug|Any CPU
		{9B61528B-1A01-4586-A04B-EF7F9C7E020E}.Release|Any CPU.ActiveCfg = Release|Any CPU
		{9B61528B-1A01-4586-A04B-EF7F9C7E020E}.Release|Any CPU.Build.0 = Release|Any CPU
	EndGlobalSection
	GlobalSection(SolutionProperties) = preSolution
		HideSolutionNode = FALSE
	EndGlobalSection
	GlobalSection(ExtensibilityGlobals) = postSolution
		SolutionGuid = {09F11AF7-9BA2-4226-8241-D0BB32FEE30F}
	EndGlobalSection
EndGlobal
